// !$*UTF8*$!
{
	archiveVersion = 1;
	classes = {
	};
	objectVersion = 56;
	objects = {

/* Begin PBXBuildFile section */
		283DC1E829FAD2E400AFF936 /* AppDelegate.swift in Sources */ = {isa = PBXBuildFile; fileRef = 283DC1E729FAD2E400AFF936 /* AppDelegate.swift */; };
		283DC1F829FADFBF00AFF936 /* FeatureState.swift in Sources */ = {isa = PBXBuildFile; fileRef = 283DC1F729FADFBF00AFF936 /* FeatureState.swift */; };
		283DC1FA29FADFD900AFF936 /* PropertyReflectable.swift in Sources */ = {isa = PBXBuildFile; fileRef = 283DC1F929FADFD900AFF936 /* PropertyReflectable.swift */; };
		283DC1FD29FADFFB00AFF936 /* ErrorView.swift in Sources */ = {isa = PBXBuildFile; fileRef = 283DC1FC29FADFFB00AFF936 /* ErrorView.swift */; };
		283DC1FF29FAE01700AFF936 /* ErrorViewDelegate.swift in Sources */ = {isa = PBXBuildFile; fileRef = 283DC1FE29FAE01700AFF936 /* ErrorViewDelegate.swift */; };
		283DC20229FAE04C00AFF936 /* NetworkService.swift in Sources */ = {isa = PBXBuildFile; fileRef = 283DC20129FAE04C00AFF936 /* NetworkService.swift */; };
		283DC20429FAE06200AFF936 /* NetworkError.swift in Sources */ = {isa = PBXBuildFile; fileRef = 283DC20329FAE06200AFF936 /* NetworkError.swift */; };
		283DC20629FAE06F00AFF936 /* NetworkErrorHandler.swift in Sources */ = {isa = PBXBuildFile; fileRef = 283DC20529FAE06F00AFF936 /* NetworkErrorHandler.swift */; };
		283DC20829FAE07C00AFF936 /* RequestFactory.swift in Sources */ = {isa = PBXBuildFile; fileRef = 283DC20729FAE07C00AFF936 /* RequestFactory.swift */; };
		283DC20A29FAE08C00AFF936 /* NetworkRequest.swift in Sources */ = {isa = PBXBuildFile; fileRef = 283DC20929FAE08C00AFF936 /* NetworkRequest.swift */; };
		284004E129F97B6800247FE9 /* FelixApp.swift in Sources */ = {isa = PBXBuildFile; fileRef = 284004E029F97B6800247FE9 /* FelixApp.swift */; };
		284004E529F97B6900247FE9 /* Assets.xcassets in Resources */ = {isa = PBXBuildFile; fileRef = 284004E429F97B6900247FE9 /* Assets.xcassets */; };
		284004E829F97B6900247FE9 /* Preview Assets.xcassets in Resources */ = {isa = PBXBuildFile; fileRef = 284004E729F97B6900247FE9 /* Preview Assets.xcassets */; };
/* End PBXBuildFile section */

/* Begin PBXContainerItemProxy section */
		283DC1F129FAD65C00AFF936 /* PBXContainerItemProxy */ = {
			isa = PBXContainerItemProxy;
			containerPortal = 284004D529F97B6800247FE9 /* Project object */;
			proxyType = 1;
			remoteGlobalIDString = 284004DC29F97B6800247FE9;
			remoteInfo = Felix;
		};
/* End PBXContainerItemProxy section */

/* Begin PBXFileReference section */
		283DC1E729FAD2E400AFF936 /* AppDelegate.swift */ = {isa = PBXFileReference; lastKnownFileType = sourcecode.swift; path = AppDelegate.swift; sourceTree = "<group>"; };
		283DC1ED29FAD65C00AFF936 /* FelixTests.xctest */ = {isa = PBXFileReference; explicitFileType = wrapper.cfbundle; includeInIndex = 0; path = FelixTests.xctest; sourceTree = BUILT_PRODUCTS_DIR; };
		283DC1F729FADFBF00AFF936 /* FeatureState.swift */ = {isa = PBXFileReference; lastKnownFileType = sourcecode.swift; path = FeatureState.swift; sourceTree = "<group>"; };
		283DC1F929FADFD900AFF936 /* PropertyReflectable.swift */ = {isa = PBXFileReference; lastKnownFileType = sourcecode.swift; path = PropertyReflectable.swift; sourceTree = "<group>"; };
		283DC1FC29FADFFB00AFF936 /* ErrorView.swift */ = {isa = PBXFileReference; lastKnownFileType = sourcecode.swift; path = ErrorView.swift; sourceTree = "<group>"; };
		283DC1FE29FAE01700AFF936 /* ErrorViewDelegate.swift */ = {isa = PBXFileReference; lastKnownFileType = sourcecode.swift; path = ErrorViewDelegate.swift; sourceTree = "<group>"; };
		283DC20129FAE04C00AFF936 /* NetworkService.swift */ = {isa = PBXFileReference; lastKnownFileType = sourcecode.swift; path = NetworkService.swift; sourceTree = "<group>"; };
		283DC20329FAE06200AFF936 /* NetworkError.swift */ = {isa = PBXFileReference; lastKnownFileType = sourcecode.swift; path = NetworkError.swift; sourceTree = "<group>"; };
		283DC20529FAE06F00AFF936 /* NetworkErrorHandler.swift */ = {isa = PBXFileReference; lastKnownFileType = sourcecode.swift; path = NetworkErrorHandler.swift; sourceTree = "<group>"; };
		283DC20729FAE07C00AFF936 /* RequestFactory.swift */ = {isa = PBXFileReference; lastKnownFileType = sourcecode.swift; path = RequestFactory.swift; sourceTree = "<group>"; };
		283DC20929FAE08C00AFF936 /* NetworkRequest.swift */ = {isa = PBXFileReference; lastKnownFileType = sourcecode.swift; path = NetworkRequest.swift; sourceTree = "<group>"; };
		284004DD29F97B6800247FE9 /* Felix.app */ = {isa = PBXFileReference; explicitFileType = wrapper.application; includeInIndex = 0; path = Felix.app; sourceTree = BUILT_PRODUCTS_DIR; };
		284004E029F97B6800247FE9 /* FelixApp.swift */ = {isa = PBXFileReference; lastKnownFileType = sourcecode.swift; path = FelixApp.swift; sourceTree = "<group>"; };
		284004E429F97B6900247FE9 /* Assets.xcassets */ = {isa = PBXFileReference; lastKnownFileType = folder.assetcatalog; path = Assets.xcassets; sourceTree = "<group>"; };
		284004E729F97B6900247FE9 /* Preview Assets.xcassets */ = {isa = PBXFileReference; lastKnownFileType = folder.assetcatalog; path = "Preview Assets.xcassets"; sourceTree = "<group>"; };
/* End PBXFileReference section */

/* Begin PBXFrameworksBuildPhase section */
		283DC1EA29FAD65C00AFF936 /* Frameworks */ = {
			isa = PBXFrameworksBuildPhase;
			buildActionMask = 2147483647;
			files = (
			);
			runOnlyForDeploymentPostprocessing = 0;
		};
		284004DA29F97B6800247FE9 /* Frameworks */ = {
			isa = PBXFrameworksBuildPhase;
			buildActionMask = 2147483647;
			files = (
			);
			runOnlyForDeploymentPostprocessing = 0;
		};
/* End PBXFrameworksBuildPhase section */

/* Begin PBXGroup section */
		283DC1EE29FAD65C00AFF936 /* FelixTests */ = {
			isa = PBXGroup;
			children = (
				283DC1F629FAD67700AFF936 /* Modules */,
			);
			path = FelixTests;
			sourceTree = "<group>";
		};
		283DC1F629FAD67700AFF936 /* Modules */ = {
			isa = PBXGroup;
			children = (
			);
			path = Modules;
			sourceTree = "<group>";
		};
		283DC1FB29FADFEC00AFF936 /* UI */ = {
			isa = PBXGroup;
			children = (
			);
			path = UI;
			sourceTree = "<group>";
		};
		283DC20029FAE02B00AFF936 /* NetworkService */ = {
			isa = PBXGroup;
			children = (
				283DC20329FAE06200AFF936 /* NetworkError.swift */,
				283DC20529FAE06F00AFF936 /* NetworkErrorHandler.swift */,
				283DC20729FAE07C00AFF936 /* RequestFactory.swift */,
				283DC20929FAE08C00AFF936 /* NetworkRequest.swift */,
				283DC20129FAE04C00AFF936 /* NetworkService.swift */,
			);
			path = NetworkService;
			sourceTree = "<group>";
		};
		284004D429F97B6800247FE9 = {
			isa = PBXGroup;
			children = (
				284004DF29F97B6800247FE9 /* Felix */,
				283DC1EE29FAD65C00AFF936 /* FelixTests */,
				284004DE29F97B6800247FE9 /* Products */,
			);
			sourceTree = "<group>";
		};
		284004DE29F97B6800247FE9 /* Products */ = {
			isa = PBXGroup;
			children = (
				284004DD29F97B6800247FE9 /* Felix.app */,
				283DC1ED29FAD65C00AFF936 /* FelixTests.xctest */,
			);
			name = Products;
			sourceTree = "<group>";
		};
		284004DF29F97B6800247FE9 /* Felix */ = {
			isa = PBXGroup;
			children = (
				284004EE29F97C5900247FE9 /* AppDelegate */,
				284004EF29F97C6400247FE9 /* Core */,
				284004F029F97C6D00247FE9 /* Modules */,
				284004F129F97C7600247FE9 /* Provision */,
			);
			path = Felix;
			sourceTree = "<group>";
		};
		284004E629F97B6900247FE9 /* Preview Content */ = {
			isa = PBXGroup;
			children = (
				284004E729F97B6900247FE9 /* Preview Assets.xcassets */,
			);
			path = "Preview Content";
			sourceTree = "<group>";
		};
		284004EE29F97C5900247FE9 /* AppDelegate */ = {
			isa = PBXGroup;
			children = (
				283DC1E729FAD2E400AFF936 /* AppDelegate.swift */,
				284004E029F97B6800247FE9 /* FelixApp.swift */,
			);
			path = AppDelegate;
			sourceTree = "<group>";
		};
		284004EF29F97C6400247FE9 /* Core */ = {
			isa = PBXGroup;
			children = (
				283DC1FC29FADFFB00AFF936 /* ErrorView.swift */,
				283DC1FE29FAE01700AFF936 /* ErrorViewDelegate.swift */,
				283DC20029FAE02B00AFF936 /* NetworkService */,
				283DC1FB29FADFEC00AFF936 /* UI */,
				283DC1F729FADFBF00AFF936 /* FeatureState.swift */,
				283DC1F929FADFD900AFF936 /* PropertyReflectable.swift */,
			);
			path = Core;
			sourceTree = "<group>";
		};
		284004F029F97C6D00247FE9 /* Modules */ = {
			isa = PBXGroup;
			children = (
			);
			path = Modules;
			sourceTree = "<group>";
		};
		284004F129F97C7600247FE9 /* Provision */ = {
			isa = PBXGroup;
			children = (
				284004E629F97B6900247FE9 /* Preview Content */,
				284004E429F97B6900247FE9 /* Assets.xcassets */,
			);
			path = Provision;
			sourceTree = "<group>";
		};
/* End PBXGroup section */

/* Begin PBXNativeTarget section */
		283DC1EC29FAD65C00AFF936 /* FelixTests */ = {
			isa = PBXNativeTarget;
			buildConfigurationList = 283DC1F329FAD65C00AFF936 /* Build configuration list for PBXNativeTarget "FelixTests" */;
			buildPhases = (
				283DC1E929FAD65C00AFF936 /* Sources */,
				283DC1EA29FAD65C00AFF936 /* Frameworks */,
				283DC1EB29FAD65C00AFF936 /* Resources */,
			);
			buildRules = (
			);
			dependencies = (
				283DC1F229FAD65C00AFF936 /* PBXTargetDependency */,
			);
			name = FelixTests;
			productName = FelixTests;
			productReference = 283DC1ED29FAD65C00AFF936 /* FelixTests.xctest */;
			productType = "com.apple.product-type.bundle.unit-test";
		};
		284004DC29F97B6800247FE9 /* Felix */ = {
			isa = PBXNativeTarget;
			buildConfigurationList = 284004EB29F97B6900247FE9 /* Build configuration list for PBXNativeTarget "Felix" */;
			buildPhases = (
				284004D929F97B6800247FE9 /* Sources */,
				284004DA29F97B6800247FE9 /* Frameworks */,
				284004DB29F97B6800247FE9 /* Resources */,
			);
			buildRules = (
			);
			dependencies = (
			);
			name = Felix;
			productName = Felix;
			productReference = 284004DD29F97B6800247FE9 /* Felix.app */;
			productType = "com.apple.product-type.application";
		};
/* End PBXNativeTarget section */

/* Begin PBXProject section */
		284004D529F97B6800247FE9 /* Project object */ = {
			isa = PBXProject;
			attributes = {
				BuildIndependentTargetsInParallel = 1;
				LastSwiftUpdateCheck = 1420;
				LastUpgradeCheck = 1420;
				TargetAttributes = {
					283DC1EC29FAD65C00AFF936 = {
						CreatedOnToolsVersion = 14.2;
						TestTargetID = 284004DC29F97B6800247FE9;
					};
					284004DC29F97B6800247FE9 = {
						CreatedOnToolsVersion = 14.2;
					};
				};
			};
			buildConfigurationList = 284004D829F97B6800247FE9 /* Build configuration list for PBXProject "Felix" */;
			compatibilityVersion = "Xcode 14.0";
			developmentRegion = en;
			hasScannedForEncodings = 0;
			knownRegions = (
				en,
				Base,
			);
			mainGroup = 284004D429F97B6800247FE9;
			productRefGroup = 284004DE29F97B6800247FE9 /* Products */;
			projectDirPath = "";
			projectRoot = "";
			targets = (
				284004DC29F97B6800247FE9 /* Felix */,
				283DC1EC29FAD65C00AFF936 /* FelixTests */,
			);
		};
/* End PBXProject section */

/* Begin PBXResourcesBuildPhase section */
		283DC1EB29FAD65C00AFF936 /* Resources */ = {
			isa = PBXResourcesBuildPhase;
			buildActionMask = 2147483647;
			files = (
			);
			runOnlyForDeploymentPostprocessing = 0;
		};
		284004DB29F97B6800247FE9 /* Resources */ = {
			isa = PBXResourcesBuildPhase;
			buildActionMask = 2147483647;
			files = (
				284004E829F97B6900247FE9 /* Preview Assets.xcassets in Resources */,
				284004E529F97B6900247FE9 /* Assets.xcassets in Resources */,
			);
			runOnlyForDeploymentPostprocessing = 0;
		};
/* End PBXResourcesBuildPhase section */

/* Begin PBXSourcesBuildPhase section */
		283DC1E929FAD65C00AFF936 /* Sources */ = {
			isa = PBXSourcesBuildPhase;
			buildActionMask = 2147483647;
			files = (
			);
			runOnlyForDeploymentPostprocessing = 0;
		};
		284004D929F97B6800247FE9 /* Sources */ = {
			isa = PBXSourcesBuildPhase;
			buildActionMask = 2147483647;
			files = (
				283DC20629FAE06F00AFF936 /* NetworkErrorHandler.swift in Sources */,
				283DC1FF29FAE01700AFF936 /* ErrorViewDelegate.swift in Sources */,
				283DC20429FAE06200AFF936 /* NetworkError.swift in Sources */,
				283DC1FD29FADFFB00AFF936 /* ErrorView.swift in Sources */,
				283DC1E829FAD2E400AFF936 /* AppDelegate.swift in Sources */,
				283DC1F829FADFBF00AFF936 /* FeatureState.swift in Sources */,
				283DC20829FAE07C00AFF936 /* RequestFactory.swift in Sources */,
				283DC1FA29FADFD900AFF936 /* PropertyReflectable.swift in Sources */,
				283DC20A29FAE08C00AFF936 /* NetworkRequest.swift in Sources */,
				284004E129F97B6800247FE9 /* FelixApp.swift in Sources */,
				283DC20229FAE04C00AFF936 /* NetworkService.swift in Sources */,
			);
			runOnlyForDeploymentPostprocessing = 0;
		};
/* End PBXSourcesBuildPhase section */

/* Begin PBXTargetDependency section */
		283DC1F229FAD65C00AFF936 /* PBXTargetDependency */ = {
			isa = PBXTargetDependency;
			target = 284004DC29F97B6800247FE9 /* Felix */;
			targetProxy = 283DC1F129FAD65C00AFF936 /* PBXContainerItemProxy */;
		};
/* End PBXTargetDependency section */

/* Begin XCBuildConfiguration section */
		283DC1F429FAD65C00AFF936 /* Debug */ = {
			isa = XCBuildConfiguration;
			buildSettings = {
				BUNDLE_LOADER = "$(TEST_HOST)";
				CODE_SIGN_STYLE = Automatic;
				CURRENT_PROJECT_VERSION = 1;
				DEVELOPMENT_TEAM = C2N9TJ2C5E;
				GENERATE_INFOPLIST_FILE = YES;
				MARKETING_VERSION = 1.0;
				PRODUCT_BUNDLE_IDENTIFIER = CJProject.FelixTests;
				PRODUCT_NAME = "$(TARGET_NAME)";
				SWIFT_EMIT_LOC_STRINGS = NO;
				SWIFT_VERSION = 5.0;
				TARGETED_DEVICE_FAMILY = "1,2";
				TEST_HOST = "$(BUILT_PRODUCTS_DIR)/Felix.app/$(BUNDLE_EXECUTABLE_FOLDER_PATH)/Felix";
			};
			name = Debug;
		};
		283DC1F529FAD65C00AFF936 /* Release */ = {
			isa = XCBuildConfiguration;
			buildSettings = {
				BUNDLE_LOADER = "$(TEST_HOST)";
				CODE_SIGN_STYLE = Automatic;
				CURRENT_PROJECT_VERSION = 1;
				DEVELOPMENT_TEAM = C2N9TJ2C5E;
				GENERATE_INFOPLIST_FILE = YES;
				MARKETING_VERSION = 1.0;
				PRODUCT_BUNDLE_IDENTIFIER = CJProject.FelixTests;
				PRODUCT_NAME = "$(TARGET_NAME)";
				SWIFT_EMIT_LOC_STRINGS = NO;
				SWIFT_VERSION = 5.0;
				TARGETED_DEVICE_FAMILY = "1,2";
				TEST_HOST = "$(BUILT_PRODUCTS_DIR)/Felix.app/$(BUNDLE_EXECUTABLE_FOLDER_PATH)/Felix";
			};
			name = Release;
		};
		284004E929F97B6900247FE9 /* Debug */ = {
			isa = XCBuildConfiguration;
			buildSettings = {
				ALWAYS_SEARCH_USER_PATHS = NO;
				CLANG_ANALYZER_NONNULL = YES;
				CLANG_ANALYZER_NUMBER_OBJECT_CONVERSION = YES_AGGRESSIVE;
				CLANG_CXX_LANGUAGE_STANDARD = "gnu++20";
				CLANG_ENABLE_MODULES = YES;
				CLANG_ENABLE_OBJC_ARC = YES;
				CLANG_ENABLE_OBJC_WEAK = YES;
				CLANG_WARN_BLOCK_CAPTURE_AUTORELEASING = YES;
				CLANG_WARN_BOOL_CONVERSION = YES;
				CLANG_WARN_COMMA = YES;
				CLANG_WARN_CONSTANT_CONVERSION = YES;
				CLANG_WARN_DEPRECATED_OBJC_IMPLEMENTATIONS = YES;
				CLANG_WARN_DIRECT_OBJC_ISA_USAGE = YES_ERROR;
				CLANG_WARN_DOCUMENTATION_COMMENTS = YES;
				CLANG_WARN_EMPTY_BODY = YES;
				CLANG_WARN_ENUM_CONVERSION = YES;
				CLANG_WARN_INFINITE_RECURSION = YES;
				CLANG_WARN_INT_CONVERSION = YES;
				CLANG_WARN_NON_LITERAL_NULL_CONVERSION = YES;
				CLANG_WARN_OBJC_IMPLICIT_RETAIN_SELF = YES;
				CLANG_WARN_OBJC_LITERAL_CONVERSION = YES;
				CLANG_WARN_OBJC_ROOT_CLASS = YES_ERROR;
				CLANG_WARN_QUOTED_INCLUDE_IN_FRAMEWORK_HEADER = YES;
				CLANG_WARN_RANGE_LOOP_ANALYSIS = YES;
				CLANG_WARN_STRICT_PROTOTYPES = YES;
				CLANG_WARN_SUSPICIOUS_MOVE = YES;
				CLANG_WARN_UNGUARDED_AVAILABILITY = YES_AGGRESSIVE;
				CLANG_WARN_UNREACHABLE_CODE = YES;
				CLANG_WARN__DUPLICATE_METHOD_MATCH = YES;
				COPY_PHASE_STRIP = NO;
				DEBUG_INFORMATION_FORMAT = dwarf;
				ENABLE_STRICT_OBJC_MSGSEND = YES;
				ENABLE_TESTABILITY = YES;
				GCC_C_LANGUAGE_STANDARD = gnu11;
				GCC_DYNAMIC_NO_PIC = NO;
				GCC_NO_COMMON_BLOCKS = YES;
				GCC_OPTIMIZATION_LEVEL = 0;
				GCC_PREPROCESSOR_DEFINITIONS = (
					"DEBUG=1",
					"$(inherited)",
				);
				GCC_WARN_64_TO_32_BIT_CONVERSION = YES;
				GCC_WARN_ABOUT_RETURN_TYPE = YES_ERROR;
				GCC_WARN_UNDECLARED_SELECTOR = YES;
				GCC_WARN_UNINITIALIZED_AUTOS = YES_AGGRESSIVE;
				GCC_WARN_UNUSED_FUNCTION = YES;
				GCC_WARN_UNUSED_VARIABLE = YES;
				IPHONEOS_DEPLOYMENT_TARGET = 16.2;
				MTL_ENABLE_DEBUG_INFO = INCLUDE_SOURCE;
				MTL_FAST_MATH = YES;
				ONLY_ACTIVE_ARCH = YES;
				SDKROOT = iphoneos;
				SWIFT_ACTIVE_COMPILATION_CONDITIONS = DEBUG;
				SWIFT_OPTIMIZATION_LEVEL = "-Onone";
			};
			name = Debug;
		};
		284004EA29F97B6900247FE9 /* Release */ = {
			isa = XCBuildConfiguration;
			buildSettings = {
				ALWAYS_SEARCH_USER_PATHS = NO;
				CLANG_ANALYZER_NONNULL = YES;
				CLANG_ANALYZER_NUMBER_OBJECT_CONVERSION = YES_AGGRESSIVE;
				CLANG_CXX_LANGUAGE_STANDARD = "gnu++20";
				CLANG_ENABLE_MODULES = YES;
				CLANG_ENABLE_OBJC_ARC = YES;
				CLANG_ENABLE_OBJC_WEAK = YES;
				CLANG_WARN_BLOCK_CAPTURE_AUTORELEASING = YES;
				CLANG_WARN_BOOL_CONVERSION = YES;
				CLANG_WARN_COMMA = YES;
				CLANG_WARN_CONSTANT_CONVERSION = YES;
				CLANG_WARN_DEPRECATED_OBJC_IMPLEMENTATIONS = YES;
				CLANG_WARN_DIRECT_OBJC_ISA_USAGE = YES_ERROR;
				CLANG_WARN_DOCUMENTATION_COMMENTS = YES;
				CLANG_WARN_EMPTY_BODY = YES;
				CLANG_WARN_ENUM_CONVERSION = YES;
				CLANG_WARN_INFINITE_RECURSION = YES;
				CLANG_WARN_INT_CONVERSION = YES;
				CLANG_WARN_NON_LITERAL_NULL_CONVERSION = YES;
				CLANG_WARN_OBJC_IMPLICIT_RETAIN_SELF = YES;
				CLANG_WARN_OBJC_LITERAL_CONVERSION = YES;
				CLANG_WARN_OBJC_ROOT_CLASS = YES_ERROR;
				CLANG_WARN_QUOTED_INCLUDE_IN_FRAMEWORK_HEADER = YES;
				CLANG_WARN_RANGE_LOOP_ANALYSIS = YES;
				CLANG_WARN_STRICT_PROTOTYPES = YES;
				CLANG_WARN_SUSPICIOUS_MOVE = YES;
				CLANG_WARN_UNGUARDED_AVAILABILITY = YES_AGGRESSIVE;
				CLANG_WARN_UNREACHABLE_CODE = YES;
				CLANG_WARN__DUPLICATE_METHOD_MATCH = YES;
				COPY_PHASE_STRIP = NO;
				DEBUG_INFORMATION_FORMAT = "dwarf-with-dsym";
				ENABLE_NS_ASSERTIONS = NO;
				ENABLE_STRICT_OBJC_MSGSEND = YES;
				GCC_C_LANGUAGE_STANDARD = gnu11;
				GCC_NO_COMMON_BLOCKS = YES;
				GCC_WARN_64_TO_32_BIT_CONVERSION = YES;
				GCC_WARN_ABOUT_RETURN_TYPE = YES_ERROR;
				GCC_WARN_UNDECLARED_SELECTOR = YES;
				GCC_WARN_UNINITIALIZED_AUTOS = YES_AGGRESSIVE;
				GCC_WARN_UNUSED_FUNCTION = YES;
				GCC_WARN_UNUSED_VARIABLE = YES;
				IPHONEOS_DEPLOYMENT_TARGET = 16.2;
				MTL_ENABLE_DEBUG_INFO = NO;
				MTL_FAST_MATH = YES;
				SDKROOT = iphoneos;
				SWIFT_COMPILATION_MODE = wholemodule;
				SWIFT_OPTIMIZATION_LEVEL = "-O";
				VALIDATE_PRODUCT = YES;
			};
			name = Release;
		};
		284004EC29F97B6900247FE9 /* Debug */ = {
			isa = XCBuildConfiguration;
			buildSettings = {
				ASSETCATALOG_COMPILER_APPICON_NAME = AppIcon;
				ASSETCATALOG_COMPILER_GLOBAL_ACCENT_COLOR_NAME = AccentColor;
				CODE_SIGN_STYLE = Automatic;
				CURRENT_PROJECT_VERSION = 1;
				DEVELOPMENT_ASSET_PATHS = "\"Felix/Provision/Preview Content\"";
				DEVELOPMENT_TEAM = C2N9TJ2C5E;
				ENABLE_PREVIEWS = YES;
				GENERATE_INFOPLIST_FILE = YES;
				INFOPLIST_KEY_UIApplicationSceneManifest_Generation = YES;
				INFOPLIST_KEY_UIApplicationSupportsIndirectInputEvents = YES;
				INFOPLIST_KEY_UILaunchScreen_Generation = YES;
				INFOPLIST_KEY_UISupportedInterfaceOrientations = UIInterfaceOrientationPortrait;
				INFOPLIST_KEY_UISupportedInterfaceOrientations_iPad = "UIInterfaceOrientationLandscapeLeft UIInterfaceOrientationLandscapeRight UIInterfaceOrientationPortrait UIInterfaceOrientationPortraitUpsideDown";
				LD_RUNPATH_SEARCH_PATHS = (
					"$(inherited)",
					"@executable_path/Frameworks",
				);
				MARKETING_VERSION = 1.0;
				PRODUCT_BUNDLE_IDENTIFIER = CJProject.Felix;
				PRODUCT_NAME = "$(TARGET_NAME)";
				SUPPORTED_PLATFORMS = "iphoneos iphonesimulator";
				SUPPORTS_MACCATALYST = NO;
				SUPPORTS_MAC_DESIGNED_FOR_IPHONE_IPAD = NO;
				SWIFT_EMIT_LOC_STRINGS = YES;
				SWIFT_VERSION = 5.0;
				TARGETED_DEVICE_FAMILY = 1;
			};
			name = Debug;
		};
		284004ED29F97B6900247FE9 /* Release */ = {
			isa = XCBuildConfiguration;
			buildSettings = {
				ASSETCATALOG_COMPILER_APPICON_NAME = AppIcon;
				ASSETCATALOG_COMPILER_GLOBAL_ACCENT_COLOR_NAME = AccentColor;
				CODE_SIGN_STYLE = Automatic;
				CURRENT_PROJECT_VERSION = 1;
				DEVELOPMENT_ASSET_PATHS = "\"Felix/Provision/Preview Content\"";
				DEVELOPMENT_TEAM = C2N9TJ2C5E;
				ENABLE_PREVIEWS = YES;
				GENERATE_INFOPLIST_FILE = YES;
				INFOPLIST_KEY_UIApplicationSceneManifest_Generation = YES;
				INFOPLIST_KEY_UIApplicationSupportsIndirectInputEvents = YES;
				INFOPLIST_KEY_UILaunchScreen_Generation = YES;
				INFOPLIST_KEY_UISupportedInterfaceOrientations = UIInterfaceOrientationPortrait;
				INFOPLIST_KEY_UISupportedInterfaceOrientations_iPad = "UIInterfaceOrientationLandscapeLeft UIInterfaceOrientationLandscapeRight UIInterfaceOrientationPortrait UIInterfaceOrientationPortraitUpsideDown";
				LD_RUNPATH_SEARCH_PATHS = (
					"$(inherited)",
					"@executable_path/Frameworks",
				);
				MARKETING_VERSION = 1.0;
				PRODUCT_BUNDLE_IDENTIFIER = CJProject.Felix;
				PRODUCT_NAME = "$(TARGET_NAME)";
				SUPPORTED_PLATFORMS = "iphoneos iphonesimulator";
				SUPPORTS_MACCATALYST = NO;
				SUPPORTS_MAC_DESIGNED_FOR_IPHONE_IPAD = NO;
				SWIFT_EMIT_LOC_STRINGS = YES;
				SWIFT_VERSION = 5.0;
				TARGETED_DEVICE_FAMILY = 1;
			};
			name = Release;
		};
/* End XCBuildConfiguration section */

/* Begin XCConfigurationList section */
		283DC1F329FAD65C00AFF936 /* Build configuration list for PBXNativeTarget "FelixTests" */ = {
			isa = XCConfigurationList;
			buildConfigurations = (
				283DC1F429FAD65C00AFF936 /* Debug */,
				283DC1F529FAD65C00AFF936 /* Release */,
			);
			defaultConfigurationIsVisible = 0;
			defaultConfigurationName = Release;
		};
		284004D829F97B6800247FE9 /* Build configuration list for PBXProject "Felix" */ = {
			isa = XCConfigurationList;
			buildConfigurations = (
				284004E929F97B6900247FE9 /* Debug */,
				284004EA29F97B6900247FE9 /* Release */,
			);
			defaultConfigurationIsVisible = 0;
			defaultConfigurationName = Release;
		};
		284004EB29F97B6900247FE9 /* Build configuration list for PBXNativeTarget "Felix" */ = {
			isa = XCConfigurationList;
			buildConfigurations = (
				284004EC29F97B6900247FE9 /* Debug */,
				284004ED29F97B6900247FE9 /* Release */,
			);
			defaultConfigurationIsVisible = 0;
			defaultConfigurationName = Release;
		};
/* End XCConfigurationList section */
	};
	rootObject = 284004D529F97B6800247FE9 /* Project object */;
}
